
Microsoft Visual Studio Solution File, Format Version 12.00
# Visual Studio Version 16
VisualStudioVersion = 16.0.30204.135
MinimumVisualStudioVersion = 10.0.40219.1
Project("{FAE04EC0-301F-11D3-BF4B-00C04F79EFBC}") = "MvcMovie", "MvcMovie\MvcMovie.csproj", "{D9433EE2-C075-4C66-A88D-F26C68C3C970}"
EndProject
Global
	GlobalSection(SolutionConfigurationPlatforms) = preSolution
		Debug|Any CPU = Debug|Any CPU
		Release|Any CPU = Release|Any CPU
	EndGlobalSection
	GlobalSection(ProjectConfigurationPlatforms) = postSolution
		{D9433EE2-C075-4C66-A88D-F26C68C3C970}.Debug|Any CPU.ActiveCfg = Debug|Any CPU
		{D9433EE2-C075-4C66-A88D-F26C68C3C970}.Debug|Any CPU.Build.0 = Debug|Any CPU
		{D9433EE2-C075-4C66-A88D-F26C68C3C970}.Release|Any CPU.ActiveCfg = Release|Any CPU
		{D9433EE2-C075-4C66-A88D-F26C68C3C970}.Release|Any CPU.Build.0 = Release|Any CPU
	EndGlobalSection
	GlobalSection(SolutionProperties) = preSolution
		HideSolutionNode = FALSE
	EndGlobalSection
	GlobalSection(ExtensibilityGlobals) = postSolution
		SolutionGuid = {ED372253-9B6B-45BC-ABC3-35AD281B0E4F}
	EndGlobalSection
EndGlobal
